
Microsoft Visual Studio Solution File, Format Version 12.00
# Visual Studio 15
VisualStudioVersion = 15.0.27703.2035
MinimumVisualStudioVersion = 10.0.40219.1
Project("{FAE04EC0-301F-11D3-BF4B-00C04F79EFBC}") = "XmlCommentUtility", "XmlCommentUtility\XmlCommentUtility.csproj", "{25CE7CA3-5659-4F7E-902E-B0BEFFBA955D}"
EndProject
Project("{54435603-DBB4-11D2-8724-00A0C9A8B90C}") = "XmlCommentUtilitySetup", "XmlCommentUtilitySetup\XmlCommentUtilitySetup.vdproj", "{98610F5B-00E1-4F72-9070-DC5100AD0764}"
EndProject
Global
	GlobalSection(SolutionConfigurationPlatforms) = preSolution
		Debug|Any CPU = Debug|Any CPU
		Release|Any CPU = Release|Any CPU
	EndGlobalSection
	GlobalSection(ProjectConfigurationPlatforms) = postSolution
		{25CE7CA3-5659-4F7E-902E-B0BEFFBA955D}.Debug|Any CPU.ActiveCfg = Debug|Any CPU
		{25CE7CA3-5659-4F7E-902E-B0BEFFBA955D}.Debug|Any CPU.Build.0 = Debug|Any CPU
		{25CE7CA3-5659-4F7E-902E-B0BEFFBA955D}.Release|Any CPU.ActiveCfg = Release|Any CPU
		{25CE7CA3-5659-4F7E-902E-B0BEFFBA955D}.Release|Any CPU.Build.0 = Release|Any CPU
		{98610F5B-00E1-4F72-9070-DC5100AD0764}.Debug|Any CPU.ActiveCfg = Debug
		{98610F5B-00E1-4F72-9070-DC5100AD0764}.Release|Any CPU.ActiveCfg = Release
	EndGlobalSection
	GlobalSection(SolutionProperties) = preSolution
		HideSolutionNode = FALSE
	EndGlobalSection
	GlobalSection(ExtensibilityGlobals) = postSolution
		SolutionGuid = {22B743F8-DD00-47D3-955F-DB8DBEC9D98F}
	EndGlobalSection
EndGlobal
